{
  "name": "your-jsar-widget-name",
  "version": "1.0.0",
  "lockfileVersion": 3,
  "requires": true,
  "packages": {
    "": {
      "name": "your-jsar-widget-name",
      "version": "1.0.0",
      "license": "Apache-2.0",
      "devDependencies": {
        "@yodaos-jsar/types": "^0.2.0-alpha.5"
      }
    },
    "node_modules/@types/node": {
      "version": "18.18.8",
      "resolved": "https://registry.npmjs.org/@types/node/-/node-18.18.8.tgz",
      "integrity": "sha512-OLGBaaK5V3VRBS1bAkMVP2/W9B+H8meUfl866OrMNQqt7wDgdpWPp5o6gmIc9pB+lIQHSq4ZL8ypeH1vPxcPaQ==",
      "dev": true,
      "dependencies": {
        "undici-types": "~5.26.4"
      }
    },
    "node_modules/@yodaos-jsar/types": {
      "version": "0.2.0-rc2",
      "resolved": "https://registry.npmjs.org/@yodaos-jsar/types/-/types-0.2.0-rc2.tgz",
      "integrity": "sha512-0vzmQqg9ELukDJPQUpTdNpHGI8Ceso7uK8tE06x6wfkrab5/aJsTTvbG9camZsF79V1RP4I8pwXzY53V9gMs7g==",
      "dev": true,
      "dependencies": {
        "@types/node": "^18.12.1"
      }
    },
    "node_modules/undici-types": {
      "version": "5.26.5",
      "resolved": "https://registry.npmjs.org/undici-types/-/undici-types-5.26.5.tgz",
      "integrity": "sha512-JlCMO+ehdEIKqlFxk6IfVoAUVmgz7cU7zD/h9XZ0qzeosSHmUJVOzSQvvYSYWXkFXC+IfLKSIffhv0sVZup6pA==",
      "dev": true
    }
  }
}
